// !$*UTF8*$!
{
	archiveVersion = 1;
	classes = {
	};
	objectVersion = 50;
	objects = {

/* Begin PBXBuildFile section */
		ABFBF925255F7F73009CADF7 /* AppDelegate.swift in Sources */ = {isa = PBXBuildFile; fileRef = ABFBF924255F7F73009CADF7 /* AppDelegate.swift */; };
		ABFBF927255F7F73009CADF7 /* SceneDelegate.swift in Sources */ = {isa = PBXBuildFile; fileRef = ABFBF926255F7F73009CADF7 /* SceneDelegate.swift */; };
		ABFBF929255F7F73009CADF7 /* ViewController.swift in Sources */ = {isa = PBXBuildFile; fileRef = ABFBF928255F7F73009CADF7 /* ViewController.swift */; };
		ABFBF92C255F7F73009CADF7 /* Main.storyboard in Resources */ = {isa = PBXBuildFile; fileRef = ABFBF92A255F7F73009CADF7 /* Main.storyboard */; };
		ABFBF92E255F7F76009CADF7 /* Assets.xcassets in Resources */ = {isa = PBXBuildFile; fileRef = ABFBF92D255F7F76009CADF7 /* Assets.xcassets */; };
		ABFBF931255F7F76009CADF7 /* LaunchScreen.storyboard in Resources */ = {isa = PBXBuildFile; fileRef = ABFBF92F255F7F76009CADF7 /* LaunchScreen.storyboard */; };
		ABFBF93C255F7F77009CADF7 /* tipCalcTests.swift in Sources */ = {isa = PBXBuildFile; fileRef = ABFBF93B255F7F77009CADF7 /* tipCalcTests.swift */; };
		ABFBF947255F7F77009CADF7 /* tipCalcUITests.swift in Sources */ = {isa = PBXBuildFile; fileRef = ABFBF946255F7F77009CADF7 /* tipCalcUITests.swift */; };
/* End PBXBuildFile section */

/* Begin PBXContainerItemProxy section */
		ABFBF938255F7F77009CADF7 /* PBXContainerItemProxy */ = {
			isa = PBXContainerItemProxy;
			containerPortal = ABFBF919255F7F73009CADF7 /* Project object */;
			proxyType = 1;
			remoteGlobalIDString = ABFBF920255F7F73009CADF7;
			remoteInfo = tipCalc;
		};
		ABFBF943255F7F77009CADF7 /* PBXContainerItemProxy */ = {
			isa = PBXContainerItemProxy;
			containerPortal = ABFBF919255F7F73009CADF7 /* Project object */;
			proxyType = 1;
			remoteGlobalIDString = ABFBF920255F7F73009CADF7;
			remoteInfo = tipCalc;
		};
/* End PBXContainerItemProxy section */

/* Begin PBXFileReference section */
		ABFBF921255F7F73009CADF7 /* tipCalc.app */ = {isa = PBXFileReference; explicitFileType = wrapper.application; includeInIndex = 0; path = tipCalc.app; sourceTree = BUILT_PRODUCTS_DIR; };
		ABFBF924255F7F73009CADF7 /* AppDelegate.swift */ = {isa = PBXFileReference; lastKnownFileType = sourcecode.swift; path = AppDelegate.swift; sourceTree = "<group>"; };
		ABFBF926255F7F73009CADF7 /* SceneDelegate.swift */ = {isa = PBXFileReference; lastKnownFileType = sourcecode.swift; path = SceneDelegate.swift; sourceTree = "<group>"; };
		ABFBF928255F7F73009CADF7 /* ViewController.swift */ = {isa = PBXFileReference; lastKnownFileType = sourcecode.swift; path = ViewController.swift; sourceTree = "<group>"; };
		ABFBF92B255F7F73009CADF7 /* Base */ = {isa = PBXFileReference; lastKnownFileType = file.storyboard; name = Base; path = Base.lproj/Main.storyboard; sourceTree = "<group>"; };
		ABFBF92D255F7F76009CADF7 /* Assets.xcassets */ = {isa = PBXFileReference; lastKnownFileType = folder.assetcatalog; path = Assets.xcassets; sourceTree = "<group>"; };
		ABFBF930255F7F76009CADF7 /* Base */ = {isa = PBXFileReference; lastKnownFileType = file.storyboard; name = Base; path = Base.lproj/LaunchScreen.storyboard; sourceTree = "<group>"; };
		ABFBF932255F7F76009CADF7 /* Info.plist */ = {isa = PBXFileReference; lastKnownFileType = text.plist.xml; path = Info.plist; sourceTree = "<group>"; };
		ABFBF937255F7F77009CADF7 /* tipCalcTests.xctest */ = {isa = PBXFileReference; explicitFileType = wrapper.cfbundle; includeInIndex = 0; path = tipCalcTests.xctest; sourceTree = BUILT_PRODUCTS_DIR; };
		ABFBF93B255F7F77009CADF7 /* tipCalcTests.swift */ = {isa = PBXFileReference; lastKnownFileType = sourcecode.swift; path = tipCalcTests.swift; sourceTree = "<group>"; };
		ABFBF93D255F7F77009CADF7 /* Info.plist */ = {isa = PBXFileReference; lastKnownFileType = text.plist.xml; path = Info.plist; sourceTree = "<group>"; };
		ABFBF942255F7F77009CADF7 /* tipCalcUITests.xctest */ = {isa = PBXFileReference; explicitFileType = wrapper.cfbundle; includeInIndex = 0; path = tipCalcUITests.xctest; sourceTree = BUILT_PRODUCTS_DIR; };
		ABFBF946255F7F77009CADF7 /* tipCalcUITests.swift */ = {isa = PBXFileReference; lastKnownFileType = sourcecode.swift; path = tipCalcUITests.swift; sourceTree = "<group>"; };
		ABFBF948255F7F77009CADF7 /* Info.plist */ = {isa = PBXFileReference; lastKnownFileType = text.plist.xml; path = Info.plist; sourceTree = "<group>"; };
/* End PBXFileReference section */

/* Begin PBXFrameworksBuildPhase section */
		ABFBF91E255F7F73009CADF7 /* Frameworks */ = {
			isa = PBXFrameworksBuildPhase;
			buildActionMask = 2147483647;
			files = (
			);
			runOnlyForDeploymentPostprocessing = 0;
		};
		ABFBF934255F7F77009CADF7 /* Frameworks */ = {
			isa = PBXFrameworksBuildPhase;
			buildActionMask = 2147483647;
			files = (
			);
			runOnlyForDeploymentPostprocessing = 0;
		};
		ABFBF93F255F7F77009CADF7 /* Frameworks */ = {
			isa = PBXFrameworksBuildPhase;
			buildActionMask = 2147483647;
			files = (
			);
			runOnlyForDeploymentPostprocessing = 0;
		};
/* End PBXFrameworksBuildPhase section */

/* Begin PBXGroup section */
		ABFBF918255F7F73009CADF7 = {
			isa = PBXGroup;
			children = (
				ABFBF923255F7F73009CADF7 /* tipCalc */,
				ABFBF93A255F7F77009CADF7 /* tipCalcTests */,
				ABFBF945255F7F77009CADF7 /* tipCalcUITests */,
				ABFBF922255F7F73009CADF7 /* Products */,
			);
			sourceTree = "<group>";
		};
		ABFBF922255F7F73009CADF7 /* Products */ = {
			isa = PBXGroup;
			children = (
				ABFBF921255F7F73009CADF7 /* tipCalc.app */,
				ABFBF937255F7F77009CADF7 /* tipCalcTests.xctest */,
				ABFBF942255F7F77009CADF7 /* tipCalcUITests.xctest */,
			);
			name = Products;
			sourceTree = "<group>";
		};
		ABFBF923255F7F73009CADF7 /* tipCalc */ = {
			isa = PBXGroup;
			children = (
				ABFBF924255F7F73009CADF7 /* AppDelegate.swift */,
				ABFBF926255F7F73009CADF7 /* SceneDelegate.swift */,
				ABFBF928255F7F73009CADF7 /* ViewController.swift */,
				ABFBF92A255F7F73009CADF7 /* Main.storyboard */,
				ABFBF92D255F7F76009CADF7 /* Assets.xcassets */,
				ABFBF92F255F7F76009CADF7 /* LaunchScreen.storyboard */,
				ABFBF932255F7F76009CADF7 /* Info.plist */,
			);
			path = tipCalc;
			sourceTree = "<group>";
		};
		ABFBF93A255F7F77009CADF7 /* tipCalcTests */ = {
			isa = PBXGroup;
			children = (
				ABFBF93B255F7F77009CADF7 /* tipCalcTests.swift */,
				ABFBF93D255F7F77009CADF7 /* Info.plist */,
			);
			path = tipCalcTests;
			sourceTree = "<group>";
		};
		ABFBF945255F7F77009CADF7 /* tipCalcUITests */ = {
			isa = PBXGroup;
			children = (
				ABFBF946255F7F77009CADF7 /* tipCalcUITests.swift */,
				ABFBF948255F7F77009CADF7 /* Info.plist */,
			);
			path = tipCalcUITests;
			sourceTree = "<group>";
		};
/* End PBXGroup section */

/* Begin PBXNativeTarget section */
		ABFBF920255F7F73009CADF7 /* tipCalc */ = {
			isa = PBXNativeTarget;
			buildConfigurationList = ABFBF94B255F7F77009CADF7 /* Build configuration list for PBXNativeTarget "tipCalc" */;
			buildPhases = (
				ABFBF91D255F7F73009CADF7 /* Sources */,
				ABFBF91E255F7F73009CADF7 /* Frameworks */,
				ABFBF91F255F7F73009CADF7 /* Resources */,
			);
			buildRules = (
			);
			dependencies = (
			);
			name = tipCalc;
			productName = tipCalc;
			productReference = ABFBF921255F7F73009CADF7 /* tipCalc.app */;
			productType = "com.apple.product-type.application";
		};
		ABFBF936255F7F77009CADF7 /* tipCalcTests */ = {
			isa = PBXNativeTarget;
			buildConfigurationList = ABFBF94E255F7F77009CADF7 /* Build configuration list for PBXNativeTarget "tipCalcTests" */;
			buildPhases = (
				ABFBF933255F7F77009CADF7 /* Sources */,
				ABFBF934255F7F77009CADF7 /* Frameworks */,
				ABFBF935255F7F77009CADF7 /* Resources */,
			);
			buildRules = (
			);
			dependencies = (
				ABFBF939255F7F77009CADF7 /* PBXTargetDependency */,
			);
			name = tipCalcTests;
			productName = tipCalcTests;
			productReference = ABFBF937255F7F77009CADF7 /* tipCalcTests.xctest */;
			productType = "com.apple.product-type.bundle.unit-test";
		};
		ABFBF941255F7F77009CADF7 /* tipCalcUITests */ = {
			isa = PBXNativeTarget;
			buildConfigurationList = ABFBF951255F7F77009CADF7 /* Build configuration list for PBXNativeTarget "tipCalcUITests" */;
			buildPhases = (
				ABFBF93E255F7F77009CADF7 /* Sources */,
				ABFBF93F255F7F77009CADF7 /* Frameworks */,
				ABFBF940255F7F77009CADF7 /* Resources */,
			);
			buildRules = (
			);
			dependencies = (
				ABFBF944255F7F77009CADF7 /* PBXTargetDependency */,
			);
			name = tipCalcUITests;
			productName = tipCalcUITests;
			productReference = ABFBF942255F7F77009CADF7 /* tipCalcUITests.xctest */;
			productType = "com.apple.product-type.bundle.ui-testing";
		};
/* End PBXNativeTarget section */

/* Begin PBXProject section */
		ABFBF919255F7F73009CADF7 /* Project object */ = {
			isa = PBXProject;
			attributes = {
				LastSwiftUpdateCheck = 1220;
				LastUpgradeCheck = 1220;
				TargetAttributes = {
					ABFBF920255F7F73009CADF7 = {
						CreatedOnToolsVersion = 12.2;
					};
					ABFBF936255F7F77009CADF7 = {
						CreatedOnToolsVersion = 12.2;
						TestTargetID = ABFBF920255F7F73009CADF7;
					};
					ABFBF941255F7F77009CADF7 = {
						CreatedOnToolsVersion = 12.2;
						TestTargetID = ABFBF920255F7F73009CADF7;
					};
				};
			};
			buildConfigurationList = ABFBF91C255F7F73009CADF7 /* Build configuration list for PBXProject "tipCalc" */;
			compatibilityVersion = "Xcode 9.3";
			developmentRegion = en;
			hasScannedForEncodings = 0;
			knownRegions = (
				en,
				Base,
			);
			mainGroup = ABFBF918255F7F73009CADF7;
			productRefGroup = ABFBF922255F7F73009CADF7 /* Products */;
			projectDirPath = "";
			projectRoot = "";
			targets = (
				ABFBF920255F7F73009CADF7 /* tipCalc */,
				ABFBF936255F7F77009CADF7 /* tipCalcTests */,
				ABFBF941255F7F77009CADF7 /* tipCalcUITests */,
			);
		};
/* End PBXProject section */

/* Begin PBXResourcesBuildPhase section */
		ABFBF91F255F7F73009CADF7 /* Resources */ = {
			isa = PBXResourcesBuildPhase;
			buildActionMask = 2147483647;
			files = (
				ABFBF931255F7F76009CADF7 /* LaunchScreen.storyboard in Resources */,
				ABFBF92E255F7F76009CADF7 /* Assets.xcassets in Resources */,
				ABFBF92C255F7F73009CADF7 /* Main.storyboard in Resources */,
			);
			runOnlyForDeploymentPostprocessing = 0;
		};
		ABFBF935255F7F77009CADF7 /* Resources */ = {
			isa = PBXResourcesBuildPhase;
			buildActionMask = 2147483647;
			files = (
			);
			runOnlyForDeploymentPostprocessing = 0;
		};
		ABFBF940255F7F77009CADF7 /* Resources */ = {
			isa = PBXResourcesBuildPhase;
			buildActionMask = 2147483647;
			files = (
			);
			runOnlyForDeploymentPostprocessing = 0;
		};
/* End PBXResourcesBuildPhase section */

/* Begin PBXSourcesBuildPhase section */
		ABFBF91D255F7F73009CADF7 /* Sources */ = {
			isa = PBXSourcesBuildPhase;
			buildActionMask = 2147483647;
			files = (
				ABFBF929255F7F73009CADF7 /* ViewController.swift in Sources */,
				ABFBF925255F7F73009CADF7 /* AppDelegate.swift in Sources */,
				ABFBF927255F7F73009CADF7 /* SceneDelegate.swift in Sources */,
			);
			runOnlyForDeploymentPostprocessing = 0;
		};
		ABFBF933255F7F77009CADF7 /* Sources */ = {
			isa = PBXSourcesBuildPhase;
			buildActionMask = 2147483647;
			files = (
				ABFBF93C255F7F77009CADF7 /* tipCalcTests.swift in Sources */,
			);
			runOnlyForDeploymentPostprocessing = 0;
		};
		ABFBF93E255F7F77009CADF7 /* Sources */ = {
			isa = PBXSourcesBuildPhase;
			buildActionMask = 2147483647;
			files = (
				ABFBF947255F7F77009CADF7 /* tipCalcUITests.swift in Sources */,
			);
			runOnlyForDeploymentPostprocessing = 0;
		};
/* End PBXSourcesBuildPhase section */

/* Begin PBXTargetDependency section */
		ABFBF939255F7F77009CADF7 /* PBXTargetDependency */ = {
			isa = PBXTargetDependency;
			target = ABFBF920255F7F73009CADF7 /* tipCalc */;
			targetProxy = ABFBF938255F7F77009CADF7 /* PBXContainerItemProxy */;
		};
		ABFBF944255F7F77009CADF7 /* PBXTargetDependency */ = {
			isa = PBXTargetDependency;
			target = ABFBF920255F7F73009CADF7 /* tipCalc */;
			targetProxy = ABFBF943255F7F77009CADF7 /* PBXContainerItemProxy */;
		};
/* End PBXTargetDependency section */

/* Begin PBXVariantGroup section */
		ABFBF92A255F7F73009CADF7 /* Main.storyboard */ = {
			isa = PBXVariantGroup;
			children = (
				ABFBF92B255F7F73009CADF7 /* Base */,
			);
			name = Main.storyboard;
			sourceTree = "<group>";
		};
		ABFBF92F255F7F76009CADF7 /* LaunchScreen.storyboard */ = {
			isa = PBXVariantGroup;
			children = (
				ABFBF930255F7F76009CADF7 /* Base */,
			);
			name = LaunchScreen.storyboard;
			sourceTree = "<group>";
		};
/* End PBXVariantGroup section */

/* Begin XCBuildConfiguration section */
		ABFBF949255F7F77009CADF7 /* Debug */ = {
			isa = XCBuildConfiguration;
			buildSettings = {
				ALWAYS_SEARCH_USER_PATHS = NO;
				CLANG_ANALYZER_NONNULL = YES;
				CLANG_ANALYZER_NUMBER_OBJECT_CONVERSION = YES_AGGRESSIVE;
				CLANG_CXX_LANGUAGE_STANDARD = "gnu++14";
				CLANG_CXX_LIBRARY = "libc++";
				CLANG_ENABLE_MODULES = YES;
				CLANG_ENABLE_OBJC_ARC = YES;
				CLANG_ENABLE_OBJC_WEAK = YES;
				CLANG_WARN_BLOCK_CAPTURE_AUTORELEASING = YES;
				CLANG_WARN_BOOL_CONVERSION = YES;
				CLANG_WARN_COMMA = YES;
				CLANG_WARN_CONSTANT_CONVERSION = YES;
				CLANG_WARN_DEPRECATED_OBJC_IMPLEMENTATIONS = YES;
				CLANG_WARN_DIRECT_OBJC_ISA_USAGE = YES_ERROR;
				CLANG_WARN_DOCUMENTATION_COMMENTS = YES;
				CLANG_WARN_EMPTY_BODY = YES;
				CLANG_WARN_ENUM_CONVERSION = YES;
				CLANG_WARN_INFINITE_RECURSION = YES;
				CLANG_WARN_INT_CONVERSION = YES;
				CLANG_WARN_NON_LITERAL_NULL_CONVERSION = YES;
				CLANG_WARN_OBJC_IMPLICIT_RETAIN_SELF = YES;
				CLANG_WARN_OBJC_LITERAL_CONVERSION = YES;
				CLANG_WARN_OBJC_ROOT_CLASS = YES_ERROR;
				CLANG_WARN_QUOTED_INCLUDE_IN_FRAMEWORK_HEADER = YES;
				CLANG_WARN_RANGE_LOOP_ANALYSIS = YES;
				CLANG_WARN_STRICT_PROTOTYPES = YES;
				CLANG_WARN_SUSPICIOUS_MOVE = YES;
				CLANG_WARN_UNGUARDED_AVAILABILITY = YES_AGGRESSIVE;
				CLANG_WARN_UNREACHABLE_CODE = YES;
				CLANG_WARN__DUPLICATE_METHOD_MATCH = YES;
				COPY_PHASE_STRIP = NO;
				DEBUG_INFORMATION_FORMAT = dwarf;
				ENABLE_STRICT_OBJC_MSGSEND = YES;
				ENABLE_TESTABILITY = YES;
				GCC_C_LANGUAGE_STANDARD = gnu11;
				GCC_DYNAMIC_NO_PIC = NO;
				GCC_NO_COMMON_BLOCKS = YES;
				GCC_OPTIMIZATION_LEVEL = 0;
				GCC_PREPROCESSOR_DEFINITIONS = (
					"DEBUG=1",
					"$(inherited)",
				);
				GCC_WARN_64_TO_32_BIT_CONVERSION = YES;
				GCC_WARN_ABOUT_RETURN_TYPE = YES_ERROR;
				GCC_WARN_UNDECLARED_SELECTOR = YES;
				GCC_WARN_UNINITIALIZED_AUTOS = YES_AGGRESSIVE;
				GCC_WARN_UNUSED_FUNCTION = YES;
				GCC_WARN_UNUSED_VARIABLE = YES;
				IPHONEOS_DEPLOYMENT_TARGET = 14.2;
				MTL_ENABLE_DEBUG_INFO = INCLUDE_SOURCE;
				MTL_FAST_MATH = YES;
				ONLY_ACTIVE_ARCH = YES;
				SDKROOT = iphoneos;
				SWIFT_ACTIVE_COMPILATION_CONDITIONS = DEBUG;
				SWIFT_OPTIMIZATION_LEVEL = "-Onone";
			};
			name = Debug;
		};
		ABFBF94A255F7F77009CADF7 /* Release */ = {
			isa = XCBuildConfiguration;
			buildSettings = {
				ALWAYS_SEARCH_USER_PATHS = NO;
				CLANG_ANALYZER_NONNULL = YES;
				CLANG_ANALYZER_NUMBER_OBJECT_CONVERSION = YES_AGGRESSIVE;
				CLANG_CXX_LANGUAGE_STANDARD = "gnu++14";
				CLANG_CXX_LIBRARY = "libc++";
				CLANG_ENABLE_MODULES = YES;
				CLANG_ENABLE_OBJC_ARC = YES;
				CLANG_ENABLE_OBJC_WEAK = YES;
				CLANG_WARN_BLOCK_CAPTURE_AUTORELEASING = YES;
				CLANG_WARN_BOOL_CONVERSION = YES;
				CLANG_WARN_COMMA = YES;
				CLANG_WARN_CONSTANT_CONVERSION = YES;
				CLANG_WARN_DEPRECATED_OBJC_IMPLEMENTATIONS = YES;
				CLANG_WARN_DIRECT_OBJC_ISA_USAGE = YES_ERROR;
				CLANG_WARN_DOCUMENTATION_COMMENTS = YES;
				CLANG_WARN_EMPTY_BODY = YES;
				CLANG_WARN_ENUM_CONVERSION = YES;
				CLANG_WARN_INFINITE_RECURSION = YES;
				CLANG_WARN_INT_CONVERSION = YES;
				CLANG_WARN_NON_LITERAL_NULL_CONVERSION = YES;
				CLANG_WARN_OBJC_IMPLICIT_RETAIN_SELF = YES;
				CLANG_WARN_OBJC_LITERAL_CONVERSION = YES;
				CLANG_WARN_OBJC_ROOT_CLASS = YES_ERROR;
				CLANG_WARN_QUOTED_INCLUDE_IN_FRAMEWORK_HEADER = YES;
				CLANG_WARN_RANGE_LOOP_ANALYSIS = YES;
				CLANG_WARN_STRICT_PROTOTYPES = YES;
				CLANG_WARN_SUSPICIOUS_MOVE = YES;
				CLANG_WARN_UNGUARDED_AVAILABILITY = YES_AGGRESSIVE;
				CLANG_WARN_UNREACHABLE_CODE = YES;
				CLANG_WARN__DUPLICATE_METHOD_MATCH = YES;
				COPY_PHASE_STRIP = NO;
				DEBUG_INFORMATION_FORMAT = "dwarf-with-dsym";
				ENABLE_NS_ASSERTIONS = NO;
				ENABLE_STRICT_OBJC_MSGSEND = YES;
				GCC_C_LANGUAGE_STANDARD = gnu11;
				GCC_NO_COMMON_BLOCKS = YES;
				GCC_WARN_64_TO_32_BIT_CONVERSION = YES;
				GCC_WARN_ABOUT_RETURN_TYPE = YES_ERROR;
				GCC_WARN_UNDECLARED_SELECTOR = YES;
				GCC_WARN_UNINITIALIZED_AUTOS = YES_AGGRESSIVE;
				GCC_WARN_UNUSED_FUNCTION = YES;
				GCC_WARN_UNUSED_VARIABLE = YES;
				IPHONEOS_DEPLOYMENT_TARGET = 14.2;
				MTL_ENABLE_DEBUG_INFO = NO;
				MTL_FAST_MATH = YES;
				SDKROOT = iphoneos;
				SWIFT_COMPILATION_MODE = wholemodule;
				SWIFT_OPTIMIZATION_LEVEL = "-O";
				VALIDATE_PRODUCT = YES;
			};
			name = Release;
		};
		ABFBF94C255F7F77009CADF7 /* Debug */ = {
			isa = XCBuildConfiguration;
			buildSettings = {
				ASSETCATALOG_COMPILER_APPICON_NAME = AppIcon;
				ASSETCATALOG_COMPILER_GLOBAL_ACCENT_COLOR_NAME = AccentColor;
				CODE_SIGN_STYLE = Automatic;
				DEVELOPMENT_TEAM = 5YH8CV28Q3;
				INFOPLIST_FILE = tipCalc/Info.plist;
				LD_RUNPATH_SEARCH_PATHS = (
					"$(inherited)",
					"@executable_path/Frameworks",
				);
				PRODUCT_BUNDLE_IDENTIFIER = com.TannerMahofski.tipCalc;
				PRODUCT_NAME = "$(TARGET_NAME)";
				SWIFT_VERSION = 5.0;
				TARGETED_DEVICE_FAMILY = "1,2";
			};
			name = Debug;
		};
		ABFBF94D255F7F77009CADF7 /* Release */ = {
			isa = XCBuildConfiguration;
			buildSettings = {
				ASSETCATALOG_COMPILER_APPICON_NAME = AppIcon;
				ASSETCATALOG_COMPILER_GLOBAL_ACCENT_COLOR_NAME = AccentColor;
				CODE_SIGN_STYLE = Automatic;
				DEVELOPMENT_TEAM = 5YH8CV28Q3;
				INFOPLIST_FILE = tipCalc/Info.plist;
				LD_RUNPATH_SEARCH_PATHS = (
					"$(inherited)",
					"@executable_path/Frameworks",
				);
				PRODUCT_BUNDLE_IDENTIFIER = com.TannerMahofski.tipCalc;
				PRODUCT_NAME = "$(TARGET_NAME)";
				SWIFT_VERSION = 5.0;
				TARGETED_DEVICE_FAMILY = "1,2";
			};
			name = Release;
		};
		ABFBF94F255F7F77009CADF7 /* Debug */ = {
			isa = XCBuildConfiguration;
			buildSettings = {
				ALWAYS_EMBED_SWIFT_STANDARD_LIBRARIES = YES;
				BUNDLE_LOADER = "$(TEST_HOST)";
				CODE_SIGN_STYLE = Automatic;
				DEVELOPMENT_TEAM = 5YH8CV28Q3;
				INFOPLIST_FILE = tipCalcTests/Info.plist;
				IPHONEOS_DEPLOYMENT_TARGET = 14.2;
				LD_RUNPATH_SEARCH_PATHS = (
					"$(inherited)",
					"@executable_path/Frameworks",
					"@loader_path/Frameworks",
				);
				PRODUCT_BUNDLE_IDENTIFIER = com.TannerMahofski.tipCalcTests;
				PRODUCT_NAME = "$(TARGET_NAME)";
				SWIFT_VERSION = 5.0;
				TARGETED_DEVICE_FAMILY = "1,2";
				TEST_HOST = "$(BUILT_PRODUCTS_DIR)/tipCalc.app/tipCalc";
			};
			name = Debug;
		};
		ABFBF950255F7F77009CADF7 /* Release */ = {
			isa = XCBuildConfiguration;
			buildSettings = {
				ALWAYS_EMBED_SWIFT_STANDARD_LIBRARIES = YES;
				BUNDLE_LOADER = "$(TEST_HOST)";
				CODE_SIGN_STYLE = Automatic;
				DEVELOPMENT_TEAM = 5YH8CV28Q3;
				INFOPLIST_FILE = tipCalcTests/Info.plist;
				IPHONEOS_DEPLOYMENT_TARGET = 14.2;
				LD_RUNPATH_SEARCH_PATHS = (
					"$(inherited)",
					"@executable_path/Frameworks",
					"@loader_path/Frameworks",
				);
				PRODUCT_BUNDLE_IDENTIFIER = com.TannerMahofski.tipCalcTests;
				PRODUCT_NAME = "$(TARGET_NAME)";
				SWIFT_VERSION = 5.0;
				TARGETED_DEVICE_FAMILY = "1,2";
				TEST_HOST = "$(BUILT_PRODUCTS_DIR)/tipCalc.app/tipCalc";
			};
			name = Release;
		};
		ABFBF952255F7F77009CADF7 /* Debug */ = {
			isa = XCBuildConfiguration;
			buildSettings = {
				ALWAYS_EMBED_SWIFT_STANDARD_LIBRARIES = YES;
				CODE_SIGN_STYLE = Automatic;
				DEVELOPMENT_TEAM = 5YH8CV28Q3;
				INFOPLIST_FILE = tipCalcUITests/Info.plist;
				LD_RUNPATH_SEARCH_PATHS = (
					"$(inherited)",
					"@executable_path/Frameworks",
					"@loader_path/Frameworks",
				);
				PRODUCT_BUNDLE_IDENTIFIER = com.TannerMahofski.tipCalcUITests;
				PRODUCT_NAME = "$(TARGET_NAME)";
				SWIFT_VERSION = 5.0;
				TARGETED_DEVICE_FAMILY = "1,2";
				TEST_TARGET_NAME = tipCalc;
			};
			name = Debug;
		};
		ABFBF953255F7F77009CADF7 /* Release */ = {
			isa = XCBuildConfiguration;
			buildSettings = {
				ALWAYS_EMBED_SWIFT_STANDARD_LIBRARIES = YES;
				CODE_SIGN_STYLE = Automatic;
				DEVELOPMENT_TEAM = 5YH8CV28Q3;
				INFOPLIST_FILE = tipCalcUITests/Info.plist;
				LD_RUNPATH_SEARCH_PATHS = (
					"$(inherited)",
					"@executable_path/Frameworks",
					"@loader_path/Frameworks",
				);
				PRODUCT_BUNDLE_IDENTIFIER = com.TannerMahofski.tipCalcUITests;
				PRODUCT_NAME = "$(TARGET_NAME)";
				SWIFT_VERSION = 5.0;
				TARGETED_DEVICE_FAMILY = "1,2";
				TEST_TARGET_NAME = tipCalc;
			};
			name = Release;
		};
/* End XCBuildConfiguration section */

/* Begin XCConfigurationList section */
		ABFBF91C255F7F73009CADF7 /* Build configuration list for PBXProject "tipCalc" */ = {
			isa = XCConfigurationList;
			buildConfigurations = (
				ABFBF949255F7F77009CADF7 /* Debug */,
				ABFBF94A255F7F77009CADF7 /* Release */,
			);
			defaultConfigurationIsVisible = 0;
			defaultConfigurationName = Release;
		};
		ABFBF94B255F7F77009CADF7 /* Build configuration list for PBXNativeTarget "tipCalc" */ = {
			isa = XCConfigurationList;
			buildConfigurations = (
				ABFBF94C255F7F77009CADF7 /* Debug */,
				ABFBF94D255F7F77009CADF7 /* Release */,
			);
			defaultConfigurationIsVisible = 0;
			defaultConfigurationName = Release;
		};
		ABFBF94E255F7F77009CADF7 /* Build configuration list for PBXNativeTarget "tipCalcTests" */ = {
			isa = XCConfigurationList;
			buildConfigurations = (
				ABFBF94F255F7F77009CADF7 /* Debug */,
				ABFBF950255F7F77009CADF7 /* Release */,
			);
			defaultConfigurationIsVisible = 0;
			defaultConfigurationName = Release;
		};
		ABFBF951255F7F77009CADF7 /* Build configuration list for PBXNativeTarget "tipCalcUITests" */ = {
			isa = XCConfigurationList;
			buildConfigurations = (
				ABFBF952255F7F77009CADF7 /* Debug */,
				ABFBF953255F7F77009CADF7 /* Release */,
			);
			defaultConfigurationIsVisible = 0;
			defaultConfigurationName = Release;
		};
/* End XCConfigurationList section */
	};
	rootObject = ABFBF919255F7F73009CADF7 /* Project object */;
}
